
Microsoft Visual Studio Solution File, Format Version 12.00
# Visual Studio 15
VisualStudioVersion = 15.0.28307.421
MinimumVisualStudioVersion = 10.0.40219.1
Project("{FAE04EC0-301F-11D3-BF4B-00C04F79EFBC}") = "BankBini", "BankBini\BankBini.csproj", "{9EC24931-1293-4CFD-A80F-ECB6F613FEDB}"
EndProject
Project("{FAE04EC0-301F-11D3-BF4B-00C04F79EFBC}") = "BankBiniTest", "BankBiniTest\BankBiniTest.csproj", "{D4C87FA1-0B19-496C-81BA-1B050B65A98E}"
EndProject
Global
	GlobalSection(SolutionConfigurationPlatforms) = preSolution
		Debug|Any CPU = Debug|Any CPU
		Release|Any CPU = Release|Any CPU
	EndGlobalSection
	GlobalSection(ProjectConfigurationPlatforms) = postSolution
		{9EC24931-1293-4CFD-A80F-ECB6F613FEDB}.Debug|Any CPU.ActiveCfg = Debug|Any CPU
		{9EC24931-1293-4CFD-A80F-ECB6F613FEDB}.Debug|Any CPU.Build.0 = Debug|Any CPU
		{9EC24931-1293-4CFD-A80F-ECB6F613FEDB}.Release|Any CPU.ActiveCfg = Release|Any CPU
		{9EC24931-1293-4CFD-A80F-ECB6F613FEDB}.Release|Any CPU.Build.0 = Release|Any CPU
		{D4C87FA1-0B19-496C-81BA-1B050B65A98E}.Debug|Any CPU.ActiveCfg = Debug|Any CPU
		{D4C87FA1-0B19-496C-81BA-1B050B65A98E}.Debug|Any CPU.Build.0 = Debug|Any CPU
		{D4C87FA1-0B19-496C-81BA-1B050B65A98E}.Release|Any CPU.ActiveCfg = Release|Any CPU
		{D4C87FA1-0B19-496C-81BA-1B050B65A98E}.Release|Any CPU.Build.0 = Release|Any CPU
	EndGlobalSection
	GlobalSection(SolutionProperties) = preSolution
		HideSolutionNode = FALSE
	EndGlobalSection
	GlobalSection(ExtensibilityGlobals) = postSolution
		SolutionGuid = {8364AA1C-B9D2-4487-AADF-29F34B96E17B}
	EndGlobalSection
EndGlobal
